// !$*UTF8*$!
{
	archiveVersion = 1;
	classes = {
	};
	objectVersion = 55;
	objects = {

/* Begin PBXBuildFile section */
		F7BFD40C27AC4FD400968E16 /* InnovaSpaceXApp.swift in Sources */ = {isa = PBXBuildFile; fileRef = F7BFD40B27AC4FD400968E16 /* InnovaSpaceXApp.swift */; };
		F7BFD40E27AC4FD400968E16 /* ContentView.swift in Sources */ = {isa = PBXBuildFile; fileRef = F7BFD40D27AC4FD400968E16 /* ContentView.swift */; };
		F7BFD41027AC4FD700968E16 /* Assets.xcassets in Resources */ = {isa = PBXBuildFile; fileRef = F7BFD40F27AC4FD700968E16 /* Assets.xcassets */; };
		F7BFD41327AC4FD700968E16 /* Preview Assets.xcassets in Resources */ = {isa = PBXBuildFile; fileRef = F7BFD41227AC4FD700968E16 /* Preview Assets.xcassets */; };
		F7BFD41F27AC521E00968E16 /* HttpClient.swift in Sources */ = {isa = PBXBuildFile; fileRef = F7BFD41E27AC521E00968E16 /* HttpClient.swift */; };
		F7BFD42127AC523F00968E16 /* SpaceXApiError.swift in Sources */ = {isa = PBXBuildFile; fileRef = F7BFD42027AC523F00968E16 /* SpaceXApiError.swift */; };
		F7BFD42327AC527B00968E16 /* Session.swift in Sources */ = {isa = PBXBuildFile; fileRef = F7BFD42227AC527B00968E16 /* Session.swift */; };
		F7BFD42527AC725F00968E16 /* SpaceXService.swift in Sources */ = {isa = PBXBuildFile; fileRef = F7BFD42427AC725F00968E16 /* SpaceXService.swift */; };
		F7BFD42727AC728200968E16 /* URL + ext.swift in Sources */ = {isa = PBXBuildFile; fileRef = F7BFD42627AC728200968E16 /* URL + ext.swift */; };
		F7BFD42A27AC72BD00968E16 /* Constant.swift in Sources */ = {isa = PBXBuildFile; fileRef = F7BFD42927AC72BD00968E16 /* Constant.swift */; };
		F7BFD42C27AC760D00968E16 /* Launch.swift in Sources */ = {isa = PBXBuildFile; fileRef = F7BFD42B27AC760D00968E16 /* Launch.swift */; };
		F7BFD42F27AC7D2D00968E16 /* CacheManager.swift in Sources */ = {isa = PBXBuildFile; fileRef = F7BFD42E27AC7D2D00968E16 /* CacheManager.swift */; };
		F7BFD43127AC851200968E16 /* SpaceXJsonParser.swift in Sources */ = {isa = PBXBuildFile; fileRef = F7BFD43027AC851200968E16 /* SpaceXJsonParser.swift */; };
		F7BFD43327AC86C300968E16 /* LaunchListViewModel.swift in Sources */ = {isa = PBXBuildFile; fileRef = F7BFD43227AC86C300968E16 /* LaunchListViewModel.swift */; };
		F7BFD43527AC86D200968E16 /* LaunchListView.swift in Sources */ = {isa = PBXBuildFile; fileRef = F7BFD43427AC86D200968E16 /* LaunchListView.swift */; };
		F7BFD43727AC887100968E16 /* LaunchViewModel.swift in Sources */ = {isa = PBXBuildFile; fileRef = F7BFD43627AC887100968E16 /* LaunchViewModel.swift */; };
		F7BFD43927AC8F6C00968E16 /* LaunchCellView.swift in Sources */ = {isa = PBXBuildFile; fileRef = F7BFD43827AC8F6C00968E16 /* LaunchCellView.swift */; };
		F7BFD43B27AC938D00968E16 /* LaunchDetailView.swift in Sources */ = {isa = PBXBuildFile; fileRef = F7BFD43A27AC938D00968E16 /* LaunchDetailView.swift */; };
		F7BFD43D27AC96D500968E16 /* YearFilterView.swift in Sources */ = {isa = PBXBuildFile; fileRef = F7BFD43C27AC96D500968E16 /* YearFilterView.swift */; };
/* End PBXBuildFile section */

/* Begin PBXFileReference section */
		F7BFD40827AC4FD400968E16 /* InnovaSpaceX.app */ = {isa = PBXFileReference; explicitFileType = wrapper.application; includeInIndex = 0; path = InnovaSpaceX.app; sourceTree = BUILT_PRODUCTS_DIR; };
		F7BFD40B27AC4FD400968E16 /* InnovaSpaceXApp.swift */ = {isa = PBXFileReference; lastKnownFileType = sourcecode.swift; path = InnovaSpaceXApp.swift; sourceTree = "<group>"; };
		F7BFD40D27AC4FD400968E16 /* ContentView.swift */ = {isa = PBXFileReference; lastKnownFileType = sourcecode.swift; path = ContentView.swift; sourceTree = "<group>"; };
		F7BFD40F27AC4FD700968E16 /* Assets.xcassets */ = {isa = PBXFileReference; lastKnownFileType = folder.assetcatalog; path = Assets.xcassets; sourceTree = "<group>"; };
		F7BFD41227AC4FD700968E16 /* Preview Assets.xcassets */ = {isa = PBXFileReference; lastKnownFileType = folder.assetcatalog; path = "Preview Assets.xcassets"; sourceTree = "<group>"; };
		F7BFD41E27AC521E00968E16 /* HttpClient.swift */ = {isa = PBXFileReference; lastKnownFileType = sourcecode.swift; path = HttpClient.swift; sourceTree = "<group>"; };
		F7BFD42027AC523F00968E16 /* SpaceXApiError.swift */ = {isa = PBXFileReference; lastKnownFileType = sourcecode.swift; path = SpaceXApiError.swift; sourceTree = "<group>"; };
		F7BFD42227AC527B00968E16 /* Session.swift */ = {isa = PBXFileReference; lastKnownFileType = sourcecode.swift; path = Session.swift; sourceTree = "<group>"; };
		F7BFD42427AC725F00968E16 /* SpaceXService.swift */ = {isa = PBXFileReference; lastKnownFileType = sourcecode.swift; path = SpaceXService.swift; sourceTree = "<group>"; };
		F7BFD42627AC728200968E16 /* URL + ext.swift */ = {isa = PBXFileReference; lastKnownFileType = sourcecode.swift; path = "URL + ext.swift"; sourceTree = "<group>"; };
		F7BFD42927AC72BD00968E16 /* Constant.swift */ = {isa = PBXFileReference; lastKnownFileType = sourcecode.swift; path = Constant.swift; sourceTree = "<group>"; };
		F7BFD42B27AC760D00968E16 /* Launch.swift */ = {isa = PBXFileReference; lastKnownFileType = sourcecode.swift; path = Launch.swift; sourceTree = "<group>"; };
		F7BFD42E27AC7D2D00968E16 /* CacheManager.swift */ = {isa = PBXFileReference; lastKnownFileType = sourcecode.swift; path = CacheManager.swift; sourceTree = "<group>"; };
		F7BFD43027AC851200968E16 /* SpaceXJsonParser.swift */ = {isa = PBXFileReference; lastKnownFileType = sourcecode.swift; path = SpaceXJsonParser.swift; sourceTree = "<group>"; };
		F7BFD43227AC86C300968E16 /* LaunchListViewModel.swift */ = {isa = PBXFileReference; lastKnownFileType = sourcecode.swift; path = LaunchListViewModel.swift; sourceTree = "<group>"; };
		F7BFD43427AC86D200968E16 /* LaunchListView.swift */ = {isa = PBXFileReference; lastKnownFileType = sourcecode.swift; path = LaunchListView.swift; sourceTree = "<group>"; };
		F7BFD43627AC887100968E16 /* LaunchViewModel.swift */ = {isa = PBXFileReference; lastKnownFileType = sourcecode.swift; path = LaunchViewModel.swift; sourceTree = "<group>"; };
		F7BFD43827AC8F6C00968E16 /* LaunchCellView.swift */ = {isa = PBXFileReference; lastKnownFileType = sourcecode.swift; path = LaunchCellView.swift; sourceTree = "<group>"; };
		F7BFD43A27AC938D00968E16 /* LaunchDetailView.swift */ = {isa = PBXFileReference; lastKnownFileType = sourcecode.swift; path = LaunchDetailView.swift; sourceTree = "<group>"; };
		F7BFD43C27AC96D500968E16 /* YearFilterView.swift */ = {isa = PBXFileReference; lastKnownFileType = sourcecode.swift; path = YearFilterView.swift; sourceTree = "<group>"; };
/* End PBXFileReference section */

/* Begin PBXFrameworksBuildPhase section */
		F7BFD40527AC4FD400968E16 /* Frameworks */ = {
			isa = PBXFrameworksBuildPhase;
			buildActionMask = 2147483647;
			files = (
			);
			runOnlyForDeploymentPostprocessing = 0;
		};
/* End PBXFrameworksBuildPhase section */

/* Begin PBXGroup section */
		F7BFD3FF27AC4FD400968E16 = {
			isa = PBXGroup;
			children = (
				F7BFD40A27AC4FD400968E16 /* InnovaSpaceX */,
				F7BFD40927AC4FD400968E16 /* Products */,
			);
			sourceTree = "<group>";
		};
		F7BFD40927AC4FD400968E16 /* Products */ = {
			isa = PBXGroup;
			children = (
				F7BFD40827AC4FD400968E16 /* InnovaSpaceX.app */,
			);
			name = Products;
			sourceTree = "<group>";
		};
		F7BFD40A27AC4FD400968E16 /* InnovaSpaceX */ = {
			isa = PBXGroup;
			children = (
				F7BFD41C27AC50F000968E16 /* AppDrawer */,
				F7BFD41B27AC50E400968E16 /* Services */,
				F7BFD42D27AC7D1900968E16 /* Managers */,
				F7BFD42827AC72A800968E16 /* Models */,
				F7BFD41A27AC50DB00968E16 /* ViewModels */,
				F7BFD41927AC50CE00968E16 /* Views */,
			);
			path = InnovaSpaceX;
			sourceTree = "<group>";
		};
		F7BFD41127AC4FD700968E16 /* Preview Content */ = {
			isa = PBXGroup;
			children = (
				F7BFD41227AC4FD700968E16 /* Preview Assets.xcassets */,
			);
			path = "Preview Content";
			sourceTree = "<group>";
		};
		F7BFD41927AC50CE00968E16 /* Views */ = {
			isa = PBXGroup;
			children = (
				F7BFD40D27AC4FD400968E16 /* ContentView.swift */,
				F7BFD43427AC86D200968E16 /* LaunchListView.swift */,
				F7BFD43827AC8F6C00968E16 /* LaunchCellView.swift */,
				F7BFD43A27AC938D00968E16 /* LaunchDetailView.swift */,
				F7BFD43C27AC96D500968E16 /* YearFilterView.swift */,
			);
			path = Views;
			sourceTree = "<group>";
		};
		F7BFD41A27AC50DB00968E16 /* ViewModels */ = {
			isa = PBXGroup;
			children = (
				F7BFD43227AC86C300968E16 /* LaunchListViewModel.swift */,
				F7BFD43627AC887100968E16 /* LaunchViewModel.swift */,
			);
			path = ViewModels;
			sourceTree = "<group>";
		};
		F7BFD41B27AC50E400968E16 /* Services */ = {
			isa = PBXGroup;
			children = (
				F7BFD41D27AC51DE00968E16 /* Api */,
				F7BFD42627AC728200968E16 /* URL + ext.swift */,
				F7BFD43027AC851200968E16 /* SpaceXJsonParser.swift */,
				F7BFD42427AC725F00968E16 /* SpaceXService.swift */,
			);
			path = Services;
			sourceTree = "<group>";
		};
		F7BFD41C27AC50F000968E16 /* AppDrawer */ = {
			isa = PBXGroup;
			children = (
				F7BFD40F27AC4FD700968E16 /* Assets.xcassets */,
				F7BFD40B27AC4FD400968E16 /* InnovaSpaceXApp.swift */,
				F7BFD41127AC4FD700968E16 /* Preview Content */,
			);
			name = AppDrawer;
			sourceTree = "<group>";
		};
		F7BFD41D27AC51DE00968E16 /* Api */ = {
			isa = PBXGroup;
			children = (
				F7BFD41E27AC521E00968E16 /* HttpClient.swift */,
				F7BFD42027AC523F00968E16 /* SpaceXApiError.swift */,
				F7BFD42227AC527B00968E16 /* Session.swift */,
			);
			path = Api;
			sourceTree = "<group>";
		};
		F7BFD42827AC72A800968E16 /* Models */ = {
			isa = PBXGroup;
			children = (
				F7BFD42927AC72BD00968E16 /* Constant.swift */,
				F7BFD42B27AC760D00968E16 /* Launch.swift */,
			);
			path = Models;
			sourceTree = "<group>";
		};
		F7BFD42D27AC7D1900968E16 /* Managers */ = {
			isa = PBXGroup;
			children = (
				F7BFD42E27AC7D2D00968E16 /* CacheManager.swift */,
			);
			path = Managers;
			sourceTree = "<group>";
		};
/* End PBXGroup section */

/* Begin PBXNativeTarget section */
		F7BFD40727AC4FD400968E16 /* InnovaSpaceX */ = {
			isa = PBXNativeTarget;
			buildConfigurationList = F7BFD41627AC4FD700968E16 /* Build configuration list for PBXNativeTarget "InnovaSpaceX" */;
			buildPhases = (
				F7BFD40427AC4FD400968E16 /* Sources */,
				F7BFD40527AC4FD400968E16 /* Frameworks */,
				F7BFD40627AC4FD400968E16 /* Resources */,
			);
			buildRules = (
			);
			dependencies = (
			);
			name = InnovaSpaceX;
			productName = InnovaSpaceX;
			productReference = F7BFD40827AC4FD400968E16 /* InnovaSpaceX.app */;
			productType = "com.apple.product-type.application";
		};
/* End PBXNativeTarget section */

/* Begin PBXProject section */
		F7BFD40027AC4FD400968E16 /* Project object */ = {
			isa = PBXProject;
			attributes = {
				BuildIndependentTargetsInParallel = 1;
				LastSwiftUpdateCheck = 1320;
				LastUpgradeCheck = 1320;
				TargetAttributes = {
					F7BFD40727AC4FD400968E16 = {
						CreatedOnToolsVersion = 13.2.1;
					};
				};
			};
			buildConfigurationList = F7BFD40327AC4FD400968E16 /* Build configuration list for PBXProject "InnovaSpaceX" */;
			compatibilityVersion = "Xcode 13.0";
			developmentRegion = en;
			hasScannedForEncodings = 0;
			knownRegions = (
				en,
				Base,
			);
			mainGroup = F7BFD3FF27AC4FD400968E16;
			productRefGroup = F7BFD40927AC4FD400968E16 /* Products */;
			projectDirPath = "";
			projectRoot = "";
			targets = (
				F7BFD40727AC4FD400968E16 /* InnovaSpaceX */,
			);
		};
/* End PBXProject section */

/* Begin PBXResourcesBuildPhase section */
		F7BFD40627AC4FD400968E16 /* Resources */ = {
			isa = PBXResourcesBuildPhase;
			buildActionMask = 2147483647;
			files = (
				F7BFD41327AC4FD700968E16 /* Preview Assets.xcassets in Resources */,
				F7BFD41027AC4FD700968E16 /* Assets.xcassets in Resources */,
			);
			runOnlyForDeploymentPostprocessing = 0;
		};
/* End PBXResourcesBuildPhase section */

/* Begin PBXSourcesBuildPhase section */
		F7BFD40427AC4FD400968E16 /* Sources */ = {
			isa = PBXSourcesBuildPhase;
			buildActionMask = 2147483647;
			files = (
				F7BFD43927AC8F6C00968E16 /* LaunchCellView.swift in Sources */,
				F7BFD42327AC527B00968E16 /* Session.swift in Sources */,
				F7BFD43127AC851200968E16 /* SpaceXJsonParser.swift in Sources */,
				F7BFD43527AC86D200968E16 /* LaunchListView.swift in Sources */,
				F7BFD42C27AC760D00968E16 /* Launch.swift in Sources */,
				F7BFD43327AC86C300968E16 /* LaunchListViewModel.swift in Sources */,
				F7BFD42527AC725F00968E16 /* SpaceXService.swift in Sources */,
				F7BFD42727AC728200968E16 /* URL + ext.swift in Sources */,
				F7BFD40E27AC4FD400968E16 /* ContentView.swift in Sources */,
				F7BFD41F27AC521E00968E16 /* HttpClient.swift in Sources */,
				F7BFD43B27AC938D00968E16 /* LaunchDetailView.swift in Sources */,
				F7BFD43727AC887100968E16 /* LaunchViewModel.swift in Sources */,
				F7BFD42F27AC7D2D00968E16 /* CacheManager.swift in Sources */,
				F7BFD40C27AC4FD400968E16 /* InnovaSpaceXApp.swift in Sources */,
				F7BFD42127AC523F00968E16 /* SpaceXApiError.swift in Sources */,
				F7BFD43D27AC96D500968E16 /* YearFilterView.swift in Sources */,
				F7BFD42A27AC72BD00968E16 /* Constant.swift in Sources */,
			);
			runOnlyForDeploymentPostprocessing = 0;
		};
/* End PBXSourcesBuildPhase section */

/* Begin XCBuildConfiguration section */
		F7BFD41427AC4FD700968E16 /* Debug */ = {
			isa = XCBuildConfiguration;
			buildSettings = {
				ALWAYS_SEARCH_USER_PATHS = NO;
				CLANG_ANALYZER_NONNULL = YES;
				CLANG_ANALYZER_NUMBER_OBJECT_CONVERSION = YES_AGGRESSIVE;
				CLANG_CXX_LANGUAGE_STANDARD = "gnu++17";
				CLANG_CXX_LIBRARY = "libc++";
				CLANG_ENABLE_MODULES = YES;
				CLANG_ENABLE_OBJC_ARC = YES;
				CLANG_ENABLE_OBJC_WEAK = YES;
				CLANG_WARN_BLOCK_CAPTURE_AUTORELEASING = YES;
				CLANG_WARN_BOOL_CONVERSION = YES;
				CLANG_WARN_COMMA = YES;
				CLANG_WARN_CONSTANT_CONVERSION = YES;
				CLANG_WARN_DEPRECATED_OBJC_IMPLEMENTATIONS = YES;
				CLANG_WARN_DIRECT_OBJC_ISA_USAGE = YES_ERROR;
				CLANG_WARN_DOCUMENTATION_COMMENTS = YES;
				CLANG_WARN_EMPTY_BODY = YES;
				CLANG_WARN_ENUM_CONVERSION = YES;
				CLANG_WARN_INFINITE_RECURSION = YES;
				CLANG_WARN_INT_CONVERSION = YES;
				CLANG_WARN_NON_LITERAL_NULL_CONVERSION = YES;
				CLANG_WARN_OBJC_IMPLICIT_RETAIN_SELF = YES;
				CLANG_WARN_OBJC_LITERAL_CONVERSION = YES;
				CLANG_WARN_OBJC_ROOT_CLASS = YES_ERROR;
				CLANG_WARN_QUOTED_INCLUDE_IN_FRAMEWORK_HEADER = YES;
				CLANG_WARN_RANGE_LOOP_ANALYSIS = YES;
				CLANG_WARN_STRICT_PROTOTYPES = YES;
				CLANG_WARN_SUSPICIOUS_MOVE = YES;
				CLANG_WARN_UNGUARDED_AVAILABILITY = YES_AGGRESSIVE;
				CLANG_WARN_UNREACHABLE_CODE = YES;
				CLANG_WARN__DUPLICATE_METHOD_MATCH = YES;
				COPY_PHASE_STRIP = NO;
				DEBUG_INFORMATION_FORMAT = dwarf;
				ENABLE_STRICT_OBJC_MSGSEND = YES;
				ENABLE_TESTABILITY = YES;
				GCC_C_LANGUAGE_STANDARD = gnu11;
				GCC_DYNAMIC_NO_PIC = NO;
				GCC_NO_COMMON_BLOCKS = YES;
				GCC_OPTIMIZATION_LEVEL = 0;
				GCC_PREPROCESSOR_DEFINITIONS = (
					"DEBUG=1",
					"$(inherited)",
				);
				GCC_WARN_64_TO_32_BIT_CONVERSION = YES;
				GCC_WARN_ABOUT_RETURN_TYPE = YES_ERROR;
				GCC_WARN_UNDECLARED_SELECTOR = YES;
				GCC_WARN_UNINITIALIZED_AUTOS = YES_AGGRESSIVE;
				GCC_WARN_UNUSED_FUNCTION = YES;
				GCC_WARN_UNUSED_VARIABLE = YES;
				IPHONEOS_DEPLOYMENT_TARGET = 15.2;
				MTL_ENABLE_DEBUG_INFO = INCLUDE_SOURCE;
				MTL_FAST_MATH = YES;
				ONLY_ACTIVE_ARCH = YES;
				SDKROOT = iphoneos;
				SWIFT_ACTIVE_COMPILATION_CONDITIONS = DEBUG;
				SWIFT_OPTIMIZATION_LEVEL = "-Onone";
			};
			name = Debug;
		};
		F7BFD41527AC4FD700968E16 /* Release */ = {
			isa = XCBuildConfiguration;
			buildSettings = {
				ALWAYS_SEARCH_USER_PATHS = NO;
				CLANG_ANALYZER_NONNULL = YES;
				CLANG_ANALYZER_NUMBER_OBJECT_CONVERSION = YES_AGGRESSIVE;
				CLANG_CXX_LANGUAGE_STANDARD = "gnu++17";
				CLANG_CXX_LIBRARY = "libc++";
				CLANG_ENABLE_MODULES = YES;
				CLANG_ENABLE_OBJC_ARC = YES;
				CLANG_ENABLE_OBJC_WEAK = YES;
				CLANG_WARN_BLOCK_CAPTURE_AUTORELEASING = YES;
				CLANG_WARN_BOOL_CONVERSION = YES;
				CLANG_WARN_COMMA = YES;
				CLANG_WARN_CONSTANT_CONVERSION = YES;
				CLANG_WARN_DEPRECATED_OBJC_IMPLEMENTATIONS = YES;
				CLANG_WARN_DIRECT_OBJC_ISA_USAGE = YES_ERROR;
				CLANG_WARN_DOCUMENTATION_COMMENTS = YES;
				CLANG_WARN_EMPTY_BODY = YES;
				CLANG_WARN_ENUM_CONVERSION = YES;
				CLANG_WARN_INFINITE_RECURSION = YES;
				CLANG_WARN_INT_CONVERSION = YES;
				CLANG_WARN_NON_LITERAL_NULL_CONVERSION = YES;
				CLANG_WARN_OBJC_IMPLICIT_RETAIN_SELF = YES;
				CLANG_WARN_OBJC_LITERAL_CONVERSION = YES;
				CLANG_WARN_OBJC_ROOT_CLASS = YES_ERROR;
				CLANG_WARN_QUOTED_INCLUDE_IN_FRAMEWORK_HEADER = YES;
				CLANG_WARN_RANGE_LOOP_ANALYSIS = YES;
				CLANG_WARN_STRICT_PROTOTYPES = YES;
				CLANG_WARN_SUSPICIOUS_MOVE = YES;
				CLANG_WARN_UNGUARDED_AVAILABILITY = YES_AGGRESSIVE;
				CLANG_WARN_UNREACHABLE_CODE = YES;
				CLANG_WARN__DUPLICATE_METHOD_MATCH = YES;
				COPY_PHASE_STRIP = NO;
				DEBUG_INFORMATION_FORMAT = "dwarf-with-dsym";
				ENABLE_NS_ASSERTIONS = NO;
				ENABLE_STRICT_OBJC_MSGSEND = YES;
				GCC_C_LANGUAGE_STANDARD = gnu11;
				GCC_NO_COMMON_BLOCKS = YES;
				GCC_WARN_64_TO_32_BIT_CONVERSION = YES;
				GCC_WARN_ABOUT_RETURN_TYPE = YES_ERROR;
				GCC_WARN_UNDECLARED_SELECTOR = YES;
				GCC_WARN_UNINITIALIZED_AUTOS = YES_AGGRESSIVE;
				GCC_WARN_UNUSED_FUNCTION = YES;
				GCC_WARN_UNUSED_VARIABLE = YES;
				IPHONEOS_DEPLOYMENT_TARGET = 15.2;
				MTL_ENABLE_DEBUG_INFO = NO;
				MTL_FAST_MATH = YES;
				SDKROOT = iphoneos;
				SWIFT_COMPILATION_MODE = wholemodule;
				SWIFT_OPTIMIZATION_LEVEL = "-O";
				VALIDATE_PRODUCT = YES;
			};
			name = Release;
		};
		F7BFD41727AC4FD700968E16 /* Debug */ = {
			isa = XCBuildConfiguration;
			buildSettings = {
				ASSETCATALOG_COMPILER_APPICON_NAME = AppIcon;
				ASSETCATALOG_COMPILER_GLOBAL_ACCENT_COLOR_NAME = AccentColor;
				CODE_SIGN_STYLE = Automatic;
				CURRENT_PROJECT_VERSION = 1;
				DEVELOPMENT_ASSET_PATHS = "\"InnovaSpaceX/Preview Content\"";
				DEVELOPMENT_TEAM = 85373584HZ;
				ENABLE_PREVIEWS = YES;
				GENERATE_INFOPLIST_FILE = YES;
				INFOPLIST_KEY_UIApplicationSceneManifest_Generation = YES;
				INFOPLIST_KEY_UIApplicationSupportsIndirectInputEvents = YES;
				INFOPLIST_KEY_UILaunchScreen_Generation = YES;
				INFOPLIST_KEY_UISupportedInterfaceOrientations_iPad = "UIInterfaceOrientationPortrait UIInterfaceOrientationPortraitUpsideDown UIInterfaceOrientationLandscapeLeft UIInterfaceOrientationLandscapeRight";
				INFOPLIST_KEY_UISupportedInterfaceOrientations_iPhone = "UIInterfaceOrientationPortrait UIInterfaceOrientationLandscapeLeft UIInterfaceOrientationLandscapeRight";
				LD_RUNPATH_SEARCH_PATHS = (
					"$(inherited)",
					"@executable_path/Frameworks",
				);
				MARKETING_VERSION = 1.0;
				PRODUCT_BUNDLE_IDENTIFIER = com.gokhanmutlu.example.InnovaSpaceX;
				PRODUCT_NAME = "$(TARGET_NAME)";
				SWIFT_EMIT_LOC_STRINGS = YES;
				SWIFT_VERSION = 5.0;
				TARGETED_DEVICE_FAMILY = "1,2";
			};
			name = Debug;
		};
		F7BFD41827AC4FD700968E16 /* Release */ = {
			isa = XCBuildConfiguration;
			buildSettings = {
				ASSETCATALOG_COMPILER_APPICON_NAME = AppIcon;
				ASSETCATALOG_COMPILER_GLOBAL_ACCENT_COLOR_NAME = AccentColor;
				CODE_SIGN_STYLE = Automatic;
				CURRENT_PROJECT_VERSION = 1;
				DEVELOPMENT_ASSET_PATHS = "\"InnovaSpaceX/Preview Content\"";
				DEVELOPMENT_TEAM = 85373584HZ;
				ENABLE_PREVIEWS = YES;
				GENERATE_INFOPLIST_FILE = YES;
				INFOPLIST_KEY_UIApplicationSceneManifest_Generation = YES;
				INFOPLIST_KEY_UIApplicationSupportsIndirectInputEvents = YES;
				INFOPLIST_KEY_UILaunchScreen_Generation = YES;
				INFOPLIST_KEY_UISupportedInterfaceOrientations_iPad = "UIInterfaceOrientationPortrait UIInterfaceOrientationPortraitUpsideDown UIInterfaceOrientationLandscapeLeft UIInterfaceOrientationLandscapeRight";
				INFOPLIST_KEY_UISupportedInterfaceOrientations_iPhone = "UIInterfaceOrientationPortrait UIInterfaceOrientationLandscapeLeft UIInterfaceOrientationLandscapeRight";
				LD_RUNPATH_SEARCH_PATHS = (
					"$(inherited)",
					"@executable_path/Frameworks",
				);
				MARKETING_VERSION = 1.0;
				PRODUCT_BUNDLE_IDENTIFIER = com.gokhanmutlu.example.InnovaSpaceX;
				PRODUCT_NAME = "$(TARGET_NAME)";
				SWIFT_EMIT_LOC_STRINGS = YES;
				SWIFT_VERSION = 5.0;
				TARGETED_DEVICE_FAMILY = "1,2";
			};
			name = Release;
		};
/* End XCBuildConfiguration section */

/* Begin XCConfigurationList section */
		F7BFD40327AC4FD400968E16 /* Build configuration list for PBXProject "InnovaSpaceX" */ = {
			isa = XCConfigurationList;
			buildConfigurations = (
				F7BFD41427AC4FD700968E16 /* Debug */,
				F7BFD41527AC4FD700968E16 /* Release */,
			);
			defaultConfigurationIsVisible = 0;
			defaultConfigurationName = Release;
		};
		F7BFD41627AC4FD700968E16 /* Build configuration list for PBXNativeTarget "InnovaSpaceX" */ = {
			isa = XCConfigurationList;
			buildConfigurations = (
				F7BFD41727AC4FD700968E16 /* Debug */,
				F7BFD41827AC4FD700968E16 /* Release */,
			);
			defaultConfigurationIsVisible = 0;
			defaultConfigurationName = Release;
		};
/* End XCConfigurationList section */
	};
	rootObject = F7BFD40027AC4FD400968E16 /* Project object */;
}
